{
  "version": "v1",
  "packages": {
    "@neko-os/charts": {
      "signature": "90b6981acb8f3fb5c8897809c745365f",
      "link": true,
      "replaced": "^0.0.10"
    },
    "@neko-os/ui": {
      "signature": "a5c875218d059483b981bb88af53f806",
      "link": true,
      "replaced": "^0.5.0"
    }
  }
}