{
  "version": "v1",
  "packages": {
    "@neko-os/charts": {
      "signature": "f2e2df5d1388778c6025bc2fb91c12e3",
      "link": true,
      "replaced": "^0.0.10"
    },
    "@neko-os/ui": {
      "signature": "efa94801cb172c1dbfb4df026f6e1352",
      "link": true,
      "replaced": "^0.2.2"
    }
  }
}